
Microsoft Visual Studio Solution File, Format Version 12.00
# Visual Studio Version 16
VisualStudioVersion = 16.0.29001.49
MinimumVisualStudioVersion = 10.0.40219.1
Project("{FAE04EC0-301F-11D3-BF4B-00C04F79EFBC}") = "Trigonometry", "Trigonometry\Trigonometry.csproj", "{BBA0D000-F0B0-4EAD-B0CE-BD7E4F58764A}"
EndProject
Global
	GlobalSection(SolutionConfigurationPlatforms) = preSolution
		Debug|Any CPU = Debug|Any CPU
		Release|Any CPU = Release|Any CPU
	EndGlobalSection
	GlobalSection(ProjectConfigurationPlatforms) = postSolution
		{BBA0D000-F0B0-4EAD-B0CE-BD7E4F58764A}.Debug|Any CPU.ActiveCfg = Debug|Any CPU
		{BBA0D000-F0B0-4EAD-B0CE-BD7E4F58764A}.Debug|Any CPU.Build.0 = Debug|Any CPU
		{BBA0D000-F0B0-4EAD-B0CE-BD7E4F58764A}.Release|Any CPU.ActiveCfg = Release|Any CPU
		{BBA0D000-F0B0-4EAD-B0CE-BD7E4F58764A}.Release|Any CPU.Build.0 = Release|Any CPU
	EndGlobalSection
	GlobalSection(SolutionProperties) = preSolution
		HideSolutionNode = FALSE
	EndGlobalSection
	GlobalSection(ExtensibilityGlobals) = postSolution
		SolutionGuid = {5BAA42BF-C282-47BD-BB6A-B7B441124D1B}
	EndGlobalSection
EndGlobal
